
Microsoft Visual Studio Solution File, Format Version 12.00
# Visual Studio Version 17
VisualStudioVersion = 17.0.32126.317
MinimumVisualStudioVersion = 10.0.40219.1
Project("{2150E333-8FDC-42A3-9474-1A3956D46DE8}") = "src", "src", "{CF9F14B9-0905-4D8B-BBB8-487047B8D2FB}"
EndProject
Project("{2150E333-8FDC-42A3-9474-1A3956D46DE8}") = "test", "test", "{C5DFCD66-780B-441E-9525-DD18FA354B66}"
EndProject
Project("{9A19103F-16F7-4668-BE54-9A1E7A4F7556}") = "API", "src\API\API.csproj", "{002D5449-7C8D-4F70-89AA-C9679D01A610}"
EndProject
Project("{9A19103F-16F7-4668-BE54-9A1E7A4F7556}") = "API.Tests", "test\API.Tests\API.Tests.csproj", "{08634ABF-D0AB-41BE-8D1E-6BCD77EB8656}"
EndProject
Project("{9A19103F-16F7-4668-BE54-9A1E7A4F7556}") = "Common", "src\Common\Common.csproj", "{BCD3E3A1-9DB3-4E05-9EDE-A5143A40ADB8}"
EndProject
Project("{9A19103F-16F7-4668-BE54-9A1E7A4F7556}") = "GoogleAuthorization", "src\GoogleAuthorization\GoogleAuthorization.csproj", "{0B156B63-2B93-4312-9269-56A031628E52}"
EndProject
Project("{9A19103F-16F7-4668-BE54-9A1E7A4F7556}") = "Lobby", "src\Lobby\Lobby.csproj", "{DEF05E00-BB8D-4B99-8362-6FC6830344C6}"
EndProject
Project("{FAE04EC0-301F-11D3-BF4B-00C04F79EFBC}") = "BLL.Tests", "test\BLL.Tests\BLL.Tests.csproj", "{8B58C5A9-F3F7-4BAD-A6E9-10D4AE0D0370}"
EndProject
Project("{FAE04EC0-301F-11D3-BF4B-00C04F79EFBC}") = "DAL.Tests", "test\DAL.Tests\DAL.Tests.csproj", "{B32D509D-E562-49C4-BA2E-D34D54B810AA}"
EndProject
Project("{FAE04EC0-301F-11D3-BF4B-00C04F79EFBC}") = "BLL", "src\BLL\BLL.csproj", "{4DDB926F-A24B-4DD8-A6B1-C0DCE4693E52}"
EndProject
Project("{FAE04EC0-301F-11D3-BF4B-00C04F79EFBC}") = "DAL", "src\DAL\DAL.csproj", "{3363EF81-D136-4A55-85F9-AA26F407D5F4}"
EndProject
Global
	GlobalSection(SolutionConfigurationPlatforms) = preSolution
		Debug|Any CPU = Debug|Any CPU
		Release|Any CPU = Release|Any CPU
	EndGlobalSection
	GlobalSection(ProjectConfigurationPlatforms) = postSolution
		{002D5449-7C8D-4F70-89AA-C9679D01A610}.Debug|Any CPU.ActiveCfg = Debug|Any CPU
		{002D5449-7C8D-4F70-89AA-C9679D01A610}.Debug|Any CPU.Build.0 = Debug|Any CPU
		{002D5449-7C8D-4F70-89AA-C9679D01A610}.Release|Any CPU.ActiveCfg = Release|Any CPU
		{002D5449-7C8D-4F70-89AA-C9679D01A610}.Release|Any CPU.Build.0 = Release|Any CPU
		{08634ABF-D0AB-41BE-8D1E-6BCD77EB8656}.Debug|Any CPU.ActiveCfg = Debug|Any CPU
		{08634ABF-D0AB-41BE-8D1E-6BCD77EB8656}.Debug|Any CPU.Build.0 = Debug|Any CPU
		{08634ABF-D0AB-41BE-8D1E-6BCD77EB8656}.Release|Any CPU.ActiveCfg = Release|Any CPU
		{08634ABF-D0AB-41BE-8D1E-6BCD77EB8656}.Release|Any CPU.Build.0 = Release|Any CPU
		{BCD3E3A1-9DB3-4E05-9EDE-A5143A40ADB8}.Debug|Any CPU.ActiveCfg = Debug|Any CPU
		{BCD3E3A1-9DB3-4E05-9EDE-A5143A40ADB8}.Debug|Any CPU.Build.0 = Debug|Any CPU
		{BCD3E3A1-9DB3-4E05-9EDE-A5143A40ADB8}.Release|Any CPU.ActiveCfg = Release|Any CPU
		{BCD3E3A1-9DB3-4E05-9EDE-A5143A40ADB8}.Release|Any CPU.Build.0 = Release|Any CPU
		{0B156B63-2B93-4312-9269-56A031628E52}.Debug|Any CPU.ActiveCfg = Debug|Any CPU
		{0B156B63-2B93-4312-9269-56A031628E52}.Debug|Any CPU.Build.0 = Debug|Any CPU
		{0B156B63-2B93-4312-9269-56A031628E52}.Release|Any CPU.ActiveCfg = Release|Any CPU
		{0B156B63-2B93-4312-9269-56A031628E52}.Release|Any CPU.Build.0 = Release|Any CPU
		{DEF05E00-BB8D-4B99-8362-6FC6830344C6}.Debug|Any CPU.ActiveCfg = Debug|Any CPU
		{DEF05E00-BB8D-4B99-8362-6FC6830344C6}.Debug|Any CPU.Build.0 = Debug|Any CPU
		{DEF05E00-BB8D-4B99-8362-6FC6830344C6}.Release|Any CPU.ActiveCfg = Release|Any CPU
		{DEF05E00-BB8D-4B99-8362-6FC6830344C6}.Release|Any CPU.Build.0 = Release|Any CPU
		{8B58C5A9-F3F7-4BAD-A6E9-10D4AE0D0370}.Debug|Any CPU.ActiveCfg = Debug|Any CPU
		{8B58C5A9-F3F7-4BAD-A6E9-10D4AE0D0370}.Debug|Any CPU.Build.0 = Debug|Any CPU
		{8B58C5A9-F3F7-4BAD-A6E9-10D4AE0D0370}.Release|Any CPU.ActiveCfg = Release|Any CPU
		{8B58C5A9-F3F7-4BAD-A6E9-10D4AE0D0370}.Release|Any CPU.Build.0 = Release|Any CPU
		{B32D509D-E562-49C4-BA2E-D34D54B810AA}.Debug|Any CPU.ActiveCfg = Debug|Any CPU
		{B32D509D-E562-49C4-BA2E-D34D54B810AA}.Debug|Any CPU.Build.0 = Debug|Any CPU
		{B32D509D-E562-49C4-BA2E-D34D54B810AA}.Release|Any CPU.ActiveCfg = Release|Any CPU
		{B32D509D-E562-49C4-BA2E-D34D54B810AA}.Release|Any CPU.Build.0 = Release|Any CPU
		{4DDB926F-A24B-4DD8-A6B1-C0DCE4693E52}.Debug|Any CPU.ActiveCfg = Debug|Any CPU
		{4DDB926F-A24B-4DD8-A6B1-C0DCE4693E52}.Debug|Any CPU.Build.0 = Debug|Any CPU
		{4DDB926F-A24B-4DD8-A6B1-C0DCE4693E52}.Release|Any CPU.ActiveCfg = Release|Any CPU
		{4DDB926F-A24B-4DD8-A6B1-C0DCE4693E52}.Release|Any CPU.Build.0 = Release|Any CPU
		{3363EF81-D136-4A55-85F9-AA26F407D5F4}.Debug|Any CPU.ActiveCfg = Debug|Any CPU
		{3363EF81-D136-4A55-85F9-AA26F407D5F4}.Debug|Any CPU.Build.0 = Debug|Any CPU
		{3363EF81-D136-4A55-85F9-AA26F407D5F4}.Release|Any CPU.ActiveCfg = Release|Any CPU
		{3363EF81-D136-4A55-85F9-AA26F407D5F4}.Release|Any CPU.Build.0 = Release|Any CPU
	EndGlobalSection
	GlobalSection(SolutionProperties) = preSolution
		HideSolutionNode = FALSE
	EndGlobalSection
	GlobalSection(NestedProjects) = preSolution
		{002D5449-7C8D-4F70-89AA-C9679D01A610} = {CF9F14B9-0905-4D8B-BBB8-487047B8D2FB}
		{08634ABF-D0AB-41BE-8D1E-6BCD77EB8656} = {C5DFCD66-780B-441E-9525-DD18FA354B66}
		{BCD3E3A1-9DB3-4E05-9EDE-A5143A40ADB8} = {CF9F14B9-0905-4D8B-BBB8-487047B8D2FB}
		{0B156B63-2B93-4312-9269-56A031628E52} = {CF9F14B9-0905-4D8B-BBB8-487047B8D2FB}
		{DEF05E00-BB8D-4B99-8362-6FC6830344C6} = {CF9F14B9-0905-4D8B-BBB8-487047B8D2FB}
		{8B58C5A9-F3F7-4BAD-A6E9-10D4AE0D0370} = {C5DFCD66-780B-441E-9525-DD18FA354B66}
		{B32D509D-E562-49C4-BA2E-D34D54B810AA} = {C5DFCD66-780B-441E-9525-DD18FA354B66}
		{4DDB926F-A24B-4DD8-A6B1-C0DCE4693E52} = {CF9F14B9-0905-4D8B-BBB8-487047B8D2FB}
		{3363EF81-D136-4A55-85F9-AA26F407D5F4} = {CF9F14B9-0905-4D8B-BBB8-487047B8D2FB}
	EndGlobalSection
	GlobalSection(ExtensibilityGlobals) = postSolution
		SolutionGuid = {C1FCF046-6E3D-4B79-9C84-23D82342E6B9}
	EndGlobalSection
EndGlobal
